
Microsoft Visual Studio Solution File, Format Version 12.00
Project("{FAE04EC0-301F-11D3-BF4B-00C04F79EFBC}") = "TorqueCompiler", "TorqueCompiler\TorqueCompiler.csproj", "{5C358A99-F124-450C-8CFF-0DD2E4B98D90}"
EndProject
Global
	GlobalSection(SolutionConfigurationPlatforms) = preSolution
		Debug|Any CPU = Debug|Any CPU
		Release|Any CPU = Release|Any CPU
	EndGlobalSection
	GlobalSection(ProjectConfigurationPlatforms) = postSolution
		{5C358A99-F124-450C-8CFF-0DD2E4B98D90}.Debug|Any CPU.ActiveCfg = Debug|Any CPU
		{5C358A99-F124-450C-8CFF-0DD2E4B98D90}.Debug|Any CPU.Build.0 = Debug|Any CPU
		{5C358A99-F124-450C-8CFF-0DD2E4B98D90}.Release|Any CPU.ActiveCfg = Release|Any CPU
		{5C358A99-F124-450C-8CFF-0DD2E4B98D90}.Release|Any CPU.Build.0 = Release|Any CPU
	EndGlobalSection
EndGlobal
